
Microsoft Visual Studio Solution File, Format Version 12.00
# Visual Studio 15
Project("{FAE04EC0-301F-11D3-BF4B-00C04F79EFBC}") = "XamarinComponents.Android", "XamarinComponents.Android\XamarinComponents.Android.csproj", "{9312CBF8-E85F-44D2-A60C-99D23A9AF4F2}"
EndProject
Project("{FAE04EC0-301F-11D3-BF4B-00C04F79EFBC}") = "XamarinComponents.iOS", "XamarinComponents.iOS\XamarinComponents.iOS.csproj", "{903AEE13-0BB6-47D6-B6E0-C8E1F5E7882F}"
EndProject
Project("{FAE04EC0-301F-11D3-BF4B-00C04F79EFBC}") = "XamarinComponents", "XamarinComponents\XamarinComponents.csproj", "{F4AF21DB-FA31-47B3-97FB-61270DA8B9C6}"
EndProject
Global
	GlobalSection(SolutionConfigurationPlatforms) = preSolution
		Debug|Any CPU = Debug|Any CPU
		Release|Any CPU = Release|Any CPU
		Debug|iPhoneSimulator = Debug|iPhoneSimulator
		Release|iPhoneSimulator = Release|iPhoneSimulator
		Debug|iPhone = Debug|iPhone
		Release|iPhone = Release|iPhone
	EndGlobalSection
	GlobalSection(ProjectConfigurationPlatforms) = postSolution
		{9312CBF8-E85F-44D2-A60C-99D23A9AF4F2}.Debug|Any CPU.ActiveCfg = Debug|Any CPU
		{9312CBF8-E85F-44D2-A60C-99D23A9AF4F2}.Debug|Any CPU.Build.0 = Debug|Any CPU
		{9312CBF8-E85F-44D2-A60C-99D23A9AF4F2}.Release|Any CPU.ActiveCfg = Release|Any CPU
		{9312CBF8-E85F-44D2-A60C-99D23A9AF4F2}.Release|Any CPU.Build.0 = Release|Any CPU
		{9312CBF8-E85F-44D2-A60C-99D23A9AF4F2}.Debug|iPhoneSimulator.ActiveCfg = Debug|Any CPU
		{9312CBF8-E85F-44D2-A60C-99D23A9AF4F2}.Debug|iPhoneSimulator.Build.0 = Debug|Any CPU
		{9312CBF8-E85F-44D2-A60C-99D23A9AF4F2}.Release|iPhoneSimulator.ActiveCfg = Release|Any CPU
		{9312CBF8-E85F-44D2-A60C-99D23A9AF4F2}.Release|iPhoneSimulator.Build.0 = Release|Any CPU
		{9312CBF8-E85F-44D2-A60C-99D23A9AF4F2}.Debug|iPhone.ActiveCfg = Debug|Any CPU
		{9312CBF8-E85F-44D2-A60C-99D23A9AF4F2}.Debug|iPhone.Build.0 = Debug|Any CPU
		{9312CBF8-E85F-44D2-A60C-99D23A9AF4F2}.Release|iPhone.ActiveCfg = Release|Any CPU
		{9312CBF8-E85F-44D2-A60C-99D23A9AF4F2}.Release|iPhone.Build.0 = Release|Any CPU
		{903AEE13-0BB6-47D6-B6E0-C8E1F5E7882F}.Debug|Any CPU.ActiveCfg = Debug|iPhoneSimulator
		{903AEE13-0BB6-47D6-B6E0-C8E1F5E7882F}.Debug|Any CPU.Build.0 = Debug|iPhoneSimulator
		{903AEE13-0BB6-47D6-B6E0-C8E1F5E7882F}.Release|Any CPU.ActiveCfg = Release|iPhoneSimulator
		{903AEE13-0BB6-47D6-B6E0-C8E1F5E7882F}.Release|Any CPU.Build.0 = Release|iPhoneSimulator
		{903AEE13-0BB6-47D6-B6E0-C8E1F5E7882F}.Debug|iPhoneSimulator.ActiveCfg = Debug|iPhoneSimulator
		{903AEE13-0BB6-47D6-B6E0-C8E1F5E7882F}.Debug|iPhoneSimulator.Build.0 = Debug|iPhoneSimulator
		{903AEE13-0BB6-47D6-B6E0-C8E1F5E7882F}.Release|iPhoneSimulator.ActiveCfg = Release|iPhoneSimulator
		{903AEE13-0BB6-47D6-B6E0-C8E1F5E7882F}.Release|iPhoneSimulator.Build.0 = Release|iPhoneSimulator
		{903AEE13-0BB6-47D6-B6E0-C8E1F5E7882F}.Debug|iPhone.ActiveCfg = Debug|iPhone
		{903AEE13-0BB6-47D6-B6E0-C8E1F5E7882F}.Debug|iPhone.Build.0 = Debug|iPhone
		{903AEE13-0BB6-47D6-B6E0-C8E1F5E7882F}.Release|iPhone.ActiveCfg = Release|iPhone
		{903AEE13-0BB6-47D6-B6E0-C8E1F5E7882F}.Release|iPhone.Build.0 = Release|iPhone
		{F4AF21DB-FA31-47B3-97FB-61270DA8B9C6}.Debug|Any CPU.ActiveCfg = Debug|Any CPU
		{F4AF21DB-FA31-47B3-97FB-61270DA8B9C6}.Debug|Any CPU.Build.0 = Debug|Any CPU
		{F4AF21DB-FA31-47B3-97FB-61270DA8B9C6}.Release|Any CPU.ActiveCfg = Release|Any CPU
		{F4AF21DB-FA31-47B3-97FB-61270DA8B9C6}.Release|Any CPU.Build.0 = Release|Any CPU
		{F4AF21DB-FA31-47B3-97FB-61270DA8B9C6}.Debug|iPhoneSimulator.ActiveCfg = Debug|Any CPU
		{F4AF21DB-FA31-47B3-97FB-61270DA8B9C6}.Debug|iPhoneSimulator.Build.0 = Debug|Any CPU
		{F4AF21DB-FA31-47B3-97FB-61270DA8B9C6}.Release|iPhoneSimulator.ActiveCfg = Release|Any CPU
		{F4AF21DB-FA31-47B3-97FB-61270DA8B9C6}.Release|iPhoneSimulator.Build.0 = Release|Any CPU
		{F4AF21DB-FA31-47B3-97FB-61270DA8B9C6}.Debug|iPhone.ActiveCfg = Debug|Any CPU
		{F4AF21DB-FA31-47B3-97FB-61270DA8B9C6}.Debug|iPhone.Build.0 = Debug|Any CPU
		{F4AF21DB-FA31-47B3-97FB-61270DA8B9C6}.Release|iPhone.ActiveCfg = Release|Any CPU
		{F4AF21DB-FA31-47B3-97FB-61270DA8B9C6}.Release|iPhone.Build.0 = Release|Any CPU
	EndGlobalSection
EndGlobal
